
Microsoft Visual Studio Solution File, Format Version 12.00
# Visual Studio 15
VisualStudioVersion = 15.0.26430.13
MinimumVisualStudioVersion = 10.0.40219.1
Project("{FAE04EC0-301F-11D3-BF4B-00C04F79EFBC}") = "AcpiProbe", "AcpiProbe\AcpiProbe.csproj", "{AD5E4BB0-EDB3-4FF3-86F9-168AA5921909}"
EndProject
Project("{FAE04EC0-301F-11D3-BF4B-00C04F79EFBC}") = "Tester", "Tester\Tester.csproj", "{4C139997-9B44-4197-B84A-DA0FA7C8ADCE}"
EndProject
Global
	GlobalSection(SolutionConfigurationPlatforms) = preSolution
		Debug|Any CPU = Debug|Any CPU
		Release|Any CPU = Release|Any CPU
	EndGlobalSection
	GlobalSection(ProjectConfigurationPlatforms) = postSolution
		{AD5E4BB0-EDB3-4FF3-86F9-168AA5921909}.Debug|Any CPU.ActiveCfg = Debug|Any CPU
		{AD5E4BB0-EDB3-4FF3-86F9-168AA5921909}.Debug|Any CPU.Build.0 = Debug|Any CPU
		{AD5E4BB0-EDB3-4FF3-86F9-168AA5921909}.Release|Any CPU.ActiveCfg = Release|Any CPU
		{AD5E4BB0-EDB3-4FF3-86F9-168AA5921909}.Release|Any CPU.Build.0 = Release|Any CPU
		{4C139997-9B44-4197-B84A-DA0FA7C8ADCE}.Debug|Any CPU.ActiveCfg = Debug|Any CPU
		{4C139997-9B44-4197-B84A-DA0FA7C8ADCE}.Debug|Any CPU.Build.0 = Debug|Any CPU
		{4C139997-9B44-4197-B84A-DA0FA7C8ADCE}.Release|Any CPU.ActiveCfg = Release|Any CPU
		{4C139997-9B44-4197-B84A-DA0FA7C8ADCE}.Release|Any CPU.Build.0 = Release|Any CPU
	EndGlobalSection
	GlobalSection(SolutionProperties) = preSolution
		HideSolutionNode = FALSE
	EndGlobalSection
EndGlobal
